
Microsoft Visual Studio Solution File, Format Version 12.00
# Visual Studio Version 17
VisualStudioVersion = 17.12.35527.113
MinimumVisualStudioVersion = 10.0.40219.1
Project("{FAE04EC0-301F-11D3-BF4B-00C04F79EFBC}") = "Chuong5_Cau2_BangVeMini", "Chuong5_Cau2_BangVeMini.csproj", "{DD91DBCB-0490-4AD0-AC33-71AD45564B19}"
EndProject
Global
	GlobalSection(SolutionConfigurationPlatforms) = preSolution
		Debug|Any CPU = Debug|Any CPU
		Release|Any CPU = Release|Any CPU
	EndGlobalSection
	GlobalSection(ProjectConfigurationPlatforms) = postSolution
		{DD91DBCB-0490-4AD0-AC33-71AD45564B19}.Debug|Any CPU.ActiveCfg = Debug|Any CPU
		{DD91DBCB-0490-4AD0-AC33-71AD45564B19}.Debug|Any CPU.Build.0 = Debug|Any CPU
		{DD91DBCB-0490-4AD0-AC33-71AD45564B19}.Release|Any CPU.ActiveCfg = Release|Any CPU
		{DD91DBCB-0490-4AD0-AC33-71AD45564B19}.Release|Any CPU.Build.0 = Release|Any CPU
	EndGlobalSection
	GlobalSection(SolutionProperties) = preSolution
		HideSolutionNode = FALSE
	EndGlobalSection
	GlobalSection(ExtensibilityGlobals) = postSolution
		SolutionGuid = {EA44AEA6-110C-4E0A-AF26-58F7DF26CDC8}
	EndGlobalSection
EndGlobal
