
Microsoft Visual Studio Solution File, Format Version 12.00
# Visual Studio Version 17
VisualStudioVersion = 17.12.35527.113
MinimumVisualStudioVersion = 10.0.40219.1
Project("{FAE04EC0-301F-11D3-BF4B-00C04F79EFBC}") = "Chuong5_Cau1_FormBanHang", "Chuong5_Cau1_FormBanHang.csproj", "{56486925-5B18-41B6-9443-5CB8BBE5D6FE}"
EndProject
Global
	GlobalSection(SolutionConfigurationPlatforms) = preSolution
		Debug|Any CPU = Debug|Any CPU
		Release|Any CPU = Release|Any CPU
	EndGlobalSection
	GlobalSection(ProjectConfigurationPlatforms) = postSolution
		{56486925-5B18-41B6-9443-5CB8BBE5D6FE}.Debug|Any CPU.ActiveCfg = Debug|Any CPU
		{56486925-5B18-41B6-9443-5CB8BBE5D6FE}.Debug|Any CPU.Build.0 = Debug|Any CPU
		{56486925-5B18-41B6-9443-5CB8BBE5D6FE}.Release|Any CPU.ActiveCfg = Release|Any CPU
		{56486925-5B18-41B6-9443-5CB8BBE5D6FE}.Release|Any CPU.Build.0 = Release|Any CPU
	EndGlobalSection
	GlobalSection(SolutionProperties) = preSolution
		HideSolutionNode = FALSE
	EndGlobalSection
	GlobalSection(ExtensibilityGlobals) = postSolution
		SolutionGuid = {9148AE63-8193-46B5-9424-C08D0B53B86A}
	EndGlobalSection
EndGlobal
